// !$*UTF8*$!
{
	archiveVersion = 1;
	classes = {
	};
	objectVersion = 46;
	objects = {

/* Begin PBXBuildFile section */
		89040FE81E646DFA00264DB3 /* TLViewController.m in Sources */ = {isa = PBXBuildFile; fileRef = 89040FE61E646DFA00264DB3 /* TLViewController.m */; };
		8911D2DC1E85EAC500E270EC /* CYLDeallocExecutor.m in Sources */ = {isa = PBXBuildFile; fileRef = 8911D2D71E85EAC500E270EC /* CYLDeallocExecutor.m */; };
		8911D2DD1E85EAC500E270EC /* NSObject+CYLDeallocBlockExecutor.m in Sources */ = {isa = PBXBuildFile; fileRef = 8911D2D91E85EAC500E270EC /* NSObject+CYLDeallocBlockExecutor.m */; };
		8911D2DE1E85EAC500E270EC /* UIScrollView+TLRefresh.m in Sources */ = {isa = PBXBuildFile; fileRef = 8911D2DB1E85EAC500E270EC /* UIScrollView+TLRefresh.m */; };
		8957C6291E60639B00A30CDB /* main.m in Sources */ = {isa = PBXBuildFile; fileRef = 8957C6281E60639B00A30CDB /* main.m */; };
		8957C62C1E60639B00A30CDB /* AppDelegate.m in Sources */ = {isa = PBXBuildFile; fileRef = 8957C62B1E60639B00A30CDB /* AppDelegate.m */; };
		8957C6321E60639B00A30CDB /* Main.storyboard in Resources */ = {isa = PBXBuildFile; fileRef = 8957C6301E60639B00A30CDB /* Main.storyboard */; };
		8957C6341E60639B00A30CDB /* Assets.xcassets in Resources */ = {isa = PBXBuildFile; fileRef = 8957C6331E60639B00A30CDB /* Assets.xcassets */; };
		8957C6371E60639B00A30CDB /* LaunchScreen.storyboard in Resources */ = {isa = PBXBuildFile; fileRef = 8957C6351E60639B00A30CDB /* LaunchScreen.storyboard */; };
		8957C6421E60639B00A30CDB /* TLRefreshTests.m in Sources */ = {isa = PBXBuildFile; fileRef = 8957C6411E60639B00A30CDB /* TLRefreshTests.m */; };
		8957C64D1E60639B00A30CDB /* TLRefreshUITests.m in Sources */ = {isa = PBXBuildFile; fileRef = 8957C64C1E60639B00A30CDB /* TLRefreshUITests.m */; };
/* End PBXBuildFile section */

/* Begin PBXContainerItemProxy section */
		8957C63E1E60639B00A30CDB /* PBXContainerItemProxy */ = {
			isa = PBXContainerItemProxy;
			containerPortal = 8957C61C1E60639B00A30CDB /* Project object */;
			proxyType = 1;
			remoteGlobalIDString = 8957C6231E60639B00A30CDB;
			remoteInfo = TLRefresh;
		};
		8957C6491E60639B00A30CDB /* PBXContainerItemProxy */ = {
			isa = PBXContainerItemProxy;
			containerPortal = 8957C61C1E60639B00A30CDB /* Project object */;
			proxyType = 1;
			remoteGlobalIDString = 8957C6231E60639B00A30CDB;
			remoteInfo = TLRefresh;
		};
/* End PBXContainerItemProxy section */

/* Begin PBXFileReference section */
		89040FE51E646DFA00264DB3 /* TLViewController.h */ = {isa = PBXFileReference; fileEncoding = 4; lastKnownFileType = sourcecode.c.h; path = TLViewController.h; sourceTree = "<group>"; };
		89040FE61E646DFA00264DB3 /* TLViewController.m */ = {isa = PBXFileReference; fileEncoding = 4; lastKnownFileType = sourcecode.c.objc; path = TLViewController.m; sourceTree = "<group>"; };
		8911D2D51E85EAC500E270EC /* CYLDeallocBlockExecutor.h */ = {isa = PBXFileReference; fileEncoding = 4; lastKnownFileType = sourcecode.c.h; path = CYLDeallocBlockExecutor.h; sourceTree = "<group>"; };
		8911D2D61E85EAC500E270EC /* CYLDeallocExecutor.h */ = {isa = PBXFileReference; fileEncoding = 4; lastKnownFileType = sourcecode.c.h; path = CYLDeallocExecutor.h; sourceTree = "<group>"; };
		8911D2D71E85EAC500E270EC /* CYLDeallocExecutor.m */ = {isa = PBXFileReference; fileEncoding = 4; lastKnownFileType = sourcecode.c.objc; path = CYLDeallocExecutor.m; sourceTree = "<group>"; };
		8911D2D81E85EAC500E270EC /* NSObject+CYLDeallocBlockExecutor.h */ = {isa = PBXFileReference; fileEncoding = 4; lastKnownFileType = sourcecode.c.h; path = "NSObject+CYLDeallocBlockExecutor.h"; sourceTree = "<group>"; };
		8911D2D91E85EAC500E270EC /* NSObject+CYLDeallocBlockExecutor.m */ = {isa = PBXFileReference; fileEncoding = 4; lastKnownFileType = sourcecode.c.objc; path = "NSObject+CYLDeallocBlockExecutor.m"; sourceTree = "<group>"; };
		8911D2DA1E85EAC500E270EC /* UIScrollView+TLRefresh.h */ = {isa = PBXFileReference; fileEncoding = 4; lastKnownFileType = sourcecode.c.h; path = "UIScrollView+TLRefresh.h"; sourceTree = "<group>"; };
		8911D2DB1E85EAC500E270EC /* UIScrollView+TLRefresh.m */ = {isa = PBXFileReference; fileEncoding = 4; lastKnownFileType = sourcecode.c.objc; path = "UIScrollView+TLRefresh.m"; sourceTree = "<group>"; };
		8957C6241E60639B00A30CDB /* TLRefresh.app */ = {isa = PBXFileReference; explicitFileType = wrapper.application; includeInIndex = 0; path = TLRefresh.app; sourceTree = BUILT_PRODUCTS_DIR; };
		8957C6281E60639B00A30CDB /* main.m */ = {isa = PBXFileReference; lastKnownFileType = sourcecode.c.objc; path = main.m; sourceTree = "<group>"; };
		8957C62A1E60639B00A30CDB /* AppDelegate.h */ = {isa = PBXFileReference; lastKnownFileType = sourcecode.c.h; path = AppDelegate.h; sourceTree = "<group>"; };
		8957C62B1E60639B00A30CDB /* AppDelegate.m */ = {isa = PBXFileReference; lastKnownFileType = sourcecode.c.objc; path = AppDelegate.m; sourceTree = "<group>"; };
		8957C6311E60639B00A30CDB /* Base */ = {isa = PBXFileReference; lastKnownFileType = file.storyboard; name = Base; path = Base.lproj/Main.storyboard; sourceTree = "<group>"; };
		8957C6331E60639B00A30CDB /* Assets.xcassets */ = {isa = PBXFileReference; lastKnownFileType = folder.assetcatalog; path = Assets.xcassets; sourceTree = "<group>"; };
		8957C6361E60639B00A30CDB /* Base */ = {isa = PBXFileReference; lastKnownFileType = file.storyboard; name = Base; path = Base.lproj/LaunchScreen.storyboard; sourceTree = "<group>"; };
		8957C6381E60639B00A30CDB /* Info.plist */ = {isa = PBXFileReference; lastKnownFileType = text.plist.xml; path = Info.plist; sourceTree = "<group>"; };
		8957C63D1E60639B00A30CDB /* TLRefreshTests.xctest */ = {isa = PBXFileReference; explicitFileType = wrapper.cfbundle; includeInIndex = 0; path = TLRefreshTests.xctest; sourceTree = BUILT_PRODUCTS_DIR; };
		8957C6411E60639B00A30CDB /* TLRefreshTests.m */ = {isa = PBXFileReference; lastKnownFileType = sourcecode.c.objc; path = TLRefreshTests.m; sourceTree = "<group>"; };
		8957C6431E60639B00A30CDB /* Info.plist */ = {isa = PBXFileReference; lastKnownFileType = text.plist.xml; path = Info.plist; sourceTree = "<group>"; };
		8957C6481E60639B00A30CDB /* TLRefreshUITests.xctest */ = {isa = PBXFileReference; explicitFileType = wrapper.cfbundle; includeInIndex = 0; path = TLRefreshUITests.xctest; sourceTree = BUILT_PRODUCTS_DIR; };
		8957C64C1E60639B00A30CDB /* TLRefreshUITests.m */ = {isa = PBXFileReference; lastKnownFileType = sourcecode.c.objc; path = TLRefreshUITests.m; sourceTree = "<group>"; };
		8957C64E1E60639B00A30CDB /* Info.plist */ = {isa = PBXFileReference; lastKnownFileType = text.plist.xml; path = Info.plist; sourceTree = "<group>"; };
/* End PBXFileReference section */

/* Begin PBXFrameworksBuildPhase section */
		8957C6211E60639B00A30CDB /* Frameworks */ = {
			isa = PBXFrameworksBuildPhase;
			buildActionMask = 2147483647;
			files = (
			);
			runOnlyForDeploymentPostprocessing = 0;
		};
		8957C63A1E60639B00A30CDB /* Frameworks */ = {
			isa = PBXFrameworksBuildPhase;
			buildActionMask = 2147483647;
			files = (
			);
			runOnlyForDeploymentPostprocessing = 0;
		};
		8957C6451E60639B00A30CDB /* Frameworks */ = {
			isa = PBXFrameworksBuildPhase;
			buildActionMask = 2147483647;
			files = (
			);
			runOnlyForDeploymentPostprocessing = 0;
		};
/* End PBXFrameworksBuildPhase section */

/* Begin PBXGroup section */
		8911D2D31E85EAC500E270EC /* Class */ = {
			isa = PBXGroup;
			children = (
				8911D2D41E85EAC500E270EC /* CYLDeallocBlockExecutor */,
				8911D2DA1E85EAC500E270EC /* UIScrollView+TLRefresh.h */,
				8911D2DB1E85EAC500E270EC /* UIScrollView+TLRefresh.m */,
			);
			path = Class;
			sourceTree = "<group>";
		};
		8911D2D41E85EAC500E270EC /* CYLDeallocBlockExecutor */ = {
			isa = PBXGroup;
			children = (
				8911D2D51E85EAC500E270EC /* CYLDeallocBlockExecutor.h */,
				8911D2D61E85EAC500E270EC /* CYLDeallocExecutor.h */,
				8911D2D71E85EAC500E270EC /* CYLDeallocExecutor.m */,
				8911D2D81E85EAC500E270EC /* NSObject+CYLDeallocBlockExecutor.h */,
				8911D2D91E85EAC500E270EC /* NSObject+CYLDeallocBlockExecutor.m */,
			);
			path = CYLDeallocBlockExecutor;
			sourceTree = "<group>";
		};
		8957C61B1E60639B00A30CDB = {
			isa = PBXGroup;
			children = (
				8957C6261E60639B00A30CDB /* TLRefresh */,
				8957C6401E60639B00A30CDB /* TLRefreshTests */,
				8957C64B1E60639B00A30CDB /* TLRefreshUITests */,
				8957C6251E60639B00A30CDB /* Products */,
			);
			sourceTree = "<group>";
		};
		8957C6251E60639B00A30CDB /* Products */ = {
			isa = PBXGroup;
			children = (
				8957C6241E60639B00A30CDB /* TLRefresh.app */,
				8957C63D1E60639B00A30CDB /* TLRefreshTests.xctest */,
				8957C6481E60639B00A30CDB /* TLRefreshUITests.xctest */,
			);
			name = Products;
			sourceTree = "<group>";
		};
		8957C6261E60639B00A30CDB /* TLRefresh */ = {
			isa = PBXGroup;
			children = (
				8911D2D31E85EAC500E270EC /* Class */,
				8957C62A1E60639B00A30CDB /* AppDelegate.h */,
				8957C62B1E60639B00A30CDB /* AppDelegate.m */,
				89040FE51E646DFA00264DB3 /* TLViewController.h */,
				89040FE61E646DFA00264DB3 /* TLViewController.m */,
				8957C6301E60639B00A30CDB /* Main.storyboard */,
				8957C6331E60639B00A30CDB /* Assets.xcassets */,
				8957C6351E60639B00A30CDB /* LaunchScreen.storyboard */,
				8957C6381E60639B00A30CDB /* Info.plist */,
				8957C6271E60639B00A30CDB /* Supporting Files */,
			);
			path = TLRefresh;
			sourceTree = "<group>";
		};
		8957C6271E60639B00A30CDB /* Supporting Files */ = {
			isa = PBXGroup;
			children = (
				8957C6281E60639B00A30CDB /* main.m */,
			);
			name = "Supporting Files";
			sourceTree = "<group>";
		};
		8957C6401E60639B00A30CDB /* TLRefreshTests */ = {
			isa = PBXGroup;
			children = (
				8957C6411E60639B00A30CDB /* TLRefreshTests.m */,
				8957C6431E60639B00A30CDB /* Info.plist */,
			);
			path = TLRefreshTests;
			sourceTree = "<group>";
		};
		8957C64B1E60639B00A30CDB /* TLRefreshUITests */ = {
			isa = PBXGroup;
			children = (
				8957C64C1E60639B00A30CDB /* TLRefreshUITests.m */,
				8957C64E1E60639B00A30CDB /* Info.plist */,
			);
			path = TLRefreshUITests;
			sourceTree = "<group>";
		};
/* End PBXGroup section */

/* Begin PBXNativeTarget section */
		8957C6231E60639B00A30CDB /* TLRefresh */ = {
			isa = PBXNativeTarget;
			buildConfigurationList = 8957C6511E60639B00A30CDB /* Build configuration list for PBXNativeTarget "TLRefresh" */;
			buildPhases = (
				8957C6201E60639B00A30CDB /* Sources */,
				8957C6211E60639B00A30CDB /* Frameworks */,
				8957C6221E60639B00A30CDB /* Resources */,
			);
			buildRules = (
			);
			dependencies = (
			);
			name = TLRefresh;
			productName = TLRefresh;
			productReference = 8957C6241E60639B00A30CDB /* TLRefresh.app */;
			productType = "com.apple.product-type.application";
		};
		8957C63C1E60639B00A30CDB /* TLRefreshTests */ = {
			isa = PBXNativeTarget;
			buildConfigurationList = 8957C6541E60639B00A30CDB /* Build configuration list for PBXNativeTarget "TLRefreshTests" */;
			buildPhases = (
				8957C6391E60639B00A30CDB /* Sources */,
				8957C63A1E60639B00A30CDB /* Frameworks */,
				8957C63B1E60639B00A30CDB /* Resources */,
			);
			buildRules = (
			);
			dependencies = (
				8957C63F1E60639B00A30CDB /* PBXTargetDependency */,
			);
			name = TLRefreshTests;
			productName = TLRefreshTests;
			productReference = 8957C63D1E60639B00A30CDB /* TLRefreshTests.xctest */;
			productType = "com.apple.product-type.bundle.unit-test";
		};
		8957C6471E60639B00A30CDB /* TLRefreshUITests */ = {
			isa = PBXNativeTarget;
			buildConfigurationList = 8957C6571E60639B00A30CDB /* Build configuration list for PBXNativeTarget "TLRefreshUITests" */;
			buildPhases = (
				8957C6441E60639B00A30CDB /* Sources */,
				8957C6451E60639B00A30CDB /* Frameworks */,
				8957C6461E60639B00A30CDB /* Resources */,
			);
			buildRules = (
			);
			dependencies = (
				8957C64A1E60639B00A30CDB /* PBXTargetDependency */,
			);
			name = TLRefreshUITests;
			productName = TLRefreshUITests;
			productReference = 8957C6481E60639B00A30CDB /* TLRefreshUITests.xctest */;
			productType = "com.apple.product-type.bundle.ui-testing";
		};
/* End PBXNativeTarget section */

/* Begin PBXProject section */
		8957C61C1E60639B00A30CDB /* Project object */ = {
			isa = PBXProject;
			attributes = {
				LastUpgradeCheck = 0820;
				ORGANIZATIONNAME = "张天龙";
				TargetAttributes = {
					8957C6231E60639B00A30CDB = {
						CreatedOnToolsVersion = 8.2.1;
						DevelopmentTeam = M43CLX3Y2H;
						ProvisioningStyle = Manual;
					};
					8957C63C1E60639B00A30CDB = {
						CreatedOnToolsVersion = 8.2.1;
						ProvisioningStyle = Automatic;
						TestTargetID = 8957C6231E60639B00A30CDB;
					};
					8957C6471E60639B00A30CDB = {
						CreatedOnToolsVersion = 8.2.1;
						ProvisioningStyle = Automatic;
						TestTargetID = 8957C6231E60639B00A30CDB;
					};
				};
			};
			buildConfigurationList = 8957C61F1E60639B00A30CDB /* Build configuration list for PBXProject "TLRefresh" */;
			compatibilityVersion = "Xcode 3.2";
			developmentRegion = English;
			hasScannedForEncodings = 0;
			knownRegions = (
				en,
				Base,
			);
			mainGroup = 8957C61B1E60639B00A30CDB;
			productRefGroup = 8957C6251E60639B00A30CDB /* Products */;
			projectDirPath = "";
			projectRoot = "";
			targets = (
				8957C6231E60639B00A30CDB /* TLRefresh */,
				8957C63C1E60639B00A30CDB /* TLRefreshTests */,
				8957C6471E60639B00A30CDB /* TLRefreshUITests */,
			);
		};
/* End PBXProject section */

/* Begin PBXResourcesBuildPhase section */
		8957C6221E60639B00A30CDB /* Resources */ = {
			isa = PBXResourcesBuildPhase;
			buildActionMask = 2147483647;
			files = (
				8957C6371E60639B00A30CDB /* LaunchScreen.storyboard in Resources */,
				8957C6341E60639B00A30CDB /* Assets.xcassets in Resources */,
				8957C6321E60639B00A30CDB /* Main.storyboard in Resources */,
			);
			runOnlyForDeploymentPostprocessing = 0;
		};
		8957C63B1E60639B00A30CDB /* Resources */ = {
			isa = PBXResourcesBuildPhase;
			buildActionMask = 2147483647;
			files = (
			);
			runOnlyForDeploymentPostprocessing = 0;
		};
		8957C6461E60639B00A30CDB /* Resources */ = {
			isa = PBXResourcesBuildPhase;
			buildActionMask = 2147483647;
			files = (
			);
			runOnlyForDeploymentPostprocessing = 0;
		};
/* End PBXResourcesBuildPhase section */

/* Begin PBXSourcesBuildPhase section */
		8957C6201E60639B00A30CDB /* Sources */ = {
			isa = PBXSourcesBuildPhase;
			buildActionMask = 2147483647;
			files = (
				89040FE81E646DFA00264DB3 /* TLViewController.m in Sources */,
				8957C62C1E60639B00A30CDB /* AppDelegate.m in Sources */,
				8911D2DC1E85EAC500E270EC /* CYLDeallocExecutor.m in Sources */,
				8957C6291E60639B00A30CDB /* main.m in Sources */,
				8911D2DD1E85EAC500E270EC /* NSObject+CYLDeallocBlockExecutor.m in Sources */,
				8911D2DE1E85EAC500E270EC /* UIScrollView+TLRefresh.m in Sources */,
			);
			runOnlyForDeploymentPostprocessing = 0;
		};
		8957C6391E60639B00A30CDB /* Sources */ = {
			isa = PBXSourcesBuildPhase;
			buildActionMask = 2147483647;
			files = (
				8957C6421E60639B00A30CDB /* TLRefreshTests.m in Sources */,
			);
			runOnlyForDeploymentPostprocessing = 0;
		};
		8957C6441E60639B00A30CDB /* Sources */ = {
			isa = PBXSourcesBuildPhase;
			buildActionMask = 2147483647;
			files = (
				8957C64D1E60639B00A30CDB /* TLRefreshUITests.m in Sources */,
			);
			runOnlyForDeploymentPostprocessing = 0;
		};
/* End PBXSourcesBuildPhase section */

/* Begin PBXTargetDependency section */
		8957C63F1E60639B00A30CDB /* PBXTargetDependency */ = {
			isa = PBXTargetDependency;
			target = 8957C6231E60639B00A30CDB /* TLRefresh */;
			targetProxy = 8957C63E1E60639B00A30CDB /* PBXContainerItemProxy */;
		};
		8957C64A1E60639B00A30CDB /* PBXTargetDependency */ = {
			isa = PBXTargetDependency;
			target = 8957C6231E60639B00A30CDB /* TLRefresh */;
			targetProxy = 8957C6491E60639B00A30CDB /* PBXContainerItemProxy */;
		};
/* End PBXTargetDependency section */

/* Begin PBXVariantGroup section */
		8957C6301E60639B00A30CDB /* Main.storyboard */ = {
			isa = PBXVariantGroup;
			children = (
				8957C6311E60639B00A30CDB /* Base */,
			);
			name = Main.storyboard;
			sourceTree = "<group>";
		};
		8957C6351E60639B00A30CDB /* LaunchScreen.storyboard */ = {
			isa = PBXVariantGroup;
			children = (
				8957C6361E60639B00A30CDB /* Base */,
			);
			name = LaunchScreen.storyboard;
			sourceTree = "<group>";
		};
/* End PBXVariantGroup section */

/* Begin XCBuildConfiguration section */
		8957C64F1E60639B00A30CDB /* Debug */ = {
			isa = XCBuildConfiguration;
			buildSettings = {
				ALWAYS_SEARCH_USER_PATHS = NO;
				CLANG_ANALYZER_NONNULL = YES;
				CLANG_CXX_LANGUAGE_STANDARD = "gnu++0x";
				CLANG_CXX_LIBRARY = "libc++";
				CLANG_ENABLE_MODULES = YES;
				CLANG_ENABLE_OBJC_ARC = YES;
				CLANG_WARN_BOOL_CONVERSION = YES;
				CLANG_WARN_CONSTANT_CONVERSION = YES;
				CLANG_WARN_DIRECT_OBJC_ISA_USAGE = YES_ERROR;
				CLANG_WARN_DOCUMENTATION_COMMENTS = YES;
				CLANG_WARN_EMPTY_BODY = YES;
				CLANG_WARN_ENUM_CONVERSION = YES;
				CLANG_WARN_INFINITE_RECURSION = YES;
				CLANG_WARN_INT_CONVERSION = YES;
				CLANG_WARN_OBJC_ROOT_CLASS = YES_ERROR;
				CLANG_WARN_SUSPICIOUS_MOVE = YES;
				CLANG_WARN_UNREACHABLE_CODE = YES;
				CLANG_WARN__DUPLICATE_METHOD_MATCH = YES;
				"CODE_SIGN_IDENTITY[sdk=iphoneos*]" = "iPhone Developer";
				COPY_PHASE_STRIP = NO;
				DEBUG_INFORMATION_FORMAT = dwarf;
				ENABLE_STRICT_OBJC_MSGSEND = YES;
				ENABLE_TESTABILITY = YES;
				GCC_C_LANGUAGE_STANDARD = gnu99;
				GCC_DYNAMIC_NO_PIC = NO;
				GCC_NO_COMMON_BLOCKS = YES;
				GCC_OPTIMIZATION_LEVEL = 0;
				GCC_PREPROCESSOR_DEFINITIONS = (
					"DEBUG=1",
					"$(inherited)",
				);
				GCC_WARN_64_TO_32_BIT_CONVERSION = YES;
				GCC_WARN_ABOUT_RETURN_TYPE = YES_ERROR;
				GCC_WARN_UNDECLARED_SELECTOR = YES;
				GCC_WARN_UNINITIALIZED_AUTOS = YES_AGGRESSIVE;
				GCC_WARN_UNUSED_FUNCTION = YES;
				GCC_WARN_UNUSED_VARIABLE = YES;
				IPHONEOS_DEPLOYMENT_TARGET = 10.2;
				MTL_ENABLE_DEBUG_INFO = YES;
				ONLY_ACTIVE_ARCH = YES;
				SDKROOT = iphoneos;
			};
			name = Debug;
		};
		8957C6501E60639B00A30CDB /* Release */ = {
			isa = XCBuildConfiguration;
			buildSettings = {
				ALWAYS_SEARCH_USER_PATHS = NO;
				CLANG_ANALYZER_NONNULL = YES;
				CLANG_CXX_LANGUAGE_STANDARD = "gnu++0x";
				CLANG_CXX_LIBRARY = "libc++";
				CLANG_ENABLE_MODULES = YES;
				CLANG_ENABLE_OBJC_ARC = YES;
				CLANG_WARN_BOOL_CONVERSION = YES;
				CLANG_WARN_CONSTANT_CONVERSION = YES;
				CLANG_WARN_DIRECT_OBJC_ISA_USAGE = YES_ERROR;
				CLANG_WARN_DOCUMENTATION_COMMENTS = YES;
				CLANG_WARN_EMPTY_BODY = YES;
				CLANG_WARN_ENUM_CONVERSION = YES;
				CLANG_WARN_INFINITE_RECURSION = YES;
				CLANG_WARN_INT_CONVERSION = YES;
				CLANG_WARN_OBJC_ROOT_CLASS = YES_ERROR;
				CLANG_WARN_SUSPICIOUS_MOVE = YES;
				CLANG_WARN_UNREACHABLE_CODE = YES;
				CLANG_WARN__DUPLICATE_METHOD_MATCH = YES;
				"CODE_SIGN_IDENTITY[sdk=iphoneos*]" = "iPhone Developer";
				COPY_PHASE_STRIP = NO;
				DEBUG_INFORMATION_FORMAT = "dwarf-with-dsym";
				ENABLE_NS_ASSERTIONS = NO;
				ENABLE_STRICT_OBJC_MSGSEND = YES;
				GCC_C_LANGUAGE_STANDARD = gnu99;
				GCC_NO_COMMON_BLOCKS = YES;
				GCC_WARN_64_TO_32_BIT_CONVERSION = YES;
				GCC_WARN_ABOUT_RETURN_TYPE = YES_ERROR;
				GCC_WARN_UNDECLARED_SELECTOR = YES;
				GCC_WARN_UNINITIALIZED_AUTOS = YES_AGGRESSIVE;
				GCC_WARN_UNUSED_FUNCTION = YES;
				GCC_WARN_UNUSED_VARIABLE = YES;
				IPHONEOS_DEPLOYMENT_TARGET = 10.2;
				MTL_ENABLE_DEBUG_INFO = NO;
				SDKROOT = iphoneos;
				VALIDATE_PRODUCT = YES;
			};
			name = Release;
		};
		8957C6521E60639B00A30CDB /* Debug */ = {
			isa = XCBuildConfiguration;
			buildSettings = {
				ASSETCATALOG_COMPILER_APPICON_NAME = AppIcon;
				DEVELOPMENT_TEAM = M43CLX3Y2H;
				INFOPLIST_FILE = TLRefresh/Info.plist;
				LD_RUNPATH_SEARCH_PATHS = "$(inherited) @executable_path/Frameworks";
				PRODUCT_BUNDLE_IDENTIFIER = com.xingbangshou.TLRefresh;
				PRODUCT_NAME = "$(TARGET_NAME)";
				PROVISIONING_PROFILE = "255b8e95-c3ec-4f79-a3d5-7a2baed2847a";
				PROVISIONING_PROFILE_SPECIFIER = iOS_Development;
			};
			name = Debug;
		};
		8957C6531E60639B00A30CDB /* Release */ = {
			isa = XCBuildConfiguration;
			buildSettings = {
				ASSETCATALOG_COMPILER_APPICON_NAME = AppIcon;
				DEVELOPMENT_TEAM = "";
				INFOPLIST_FILE = TLRefresh/Info.plist;
				LD_RUNPATH_SEARCH_PATHS = "$(inherited) @executable_path/Frameworks";
				PRODUCT_BUNDLE_IDENTIFIER = com.xingbangshou.TLRefresh;
				PRODUCT_NAME = "$(TARGET_NAME)";
			};
			name = Release;
		};
		8957C6551E60639B00A30CDB /* Debug */ = {
			isa = XCBuildConfiguration;
			buildSettings = {
				BUNDLE_LOADER = "$(TEST_HOST)";
				INFOPLIST_FILE = TLRefreshTests/Info.plist;
				LD_RUNPATH_SEARCH_PATHS = "$(inherited) @executable_path/Frameworks @loader_path/Frameworks";
				PRODUCT_BUNDLE_IDENTIFIER = com.xingbangshou.TLRefreshTests;
				PRODUCT_NAME = "$(TARGET_NAME)";
				TEST_HOST = "$(BUILT_PRODUCTS_DIR)/TLRefresh.app/TLRefresh";
			};
			name = Debug;
		};
		8957C6561E60639B00A30CDB /* Release */ = {
			isa = XCBuildConfiguration;
			buildSettings = {
				BUNDLE_LOADER = "$(TEST_HOST)";
				INFOPLIST_FILE = TLRefreshTests/Info.plist;
				LD_RUNPATH_SEARCH_PATHS = "$(inherited) @executable_path/Frameworks @loader_path/Frameworks";
				PRODUCT_BUNDLE_IDENTIFIER = com.xingbangshou.TLRefreshTests;
				PRODUCT_NAME = "$(TARGET_NAME)";
				TEST_HOST = "$(BUILT_PRODUCTS_DIR)/TLRefresh.app/TLRefresh";
			};
			name = Release;
		};
		8957C6581E60639B00A30CDB /* Debug */ = {
			isa = XCBuildConfiguration;
			buildSettings = {
				INFOPLIST_FILE = TLRefreshUITests/Info.plist;
				LD_RUNPATH_SEARCH_PATHS = "$(inherited) @executable_path/Frameworks @loader_path/Frameworks";
				PRODUCT_BUNDLE_IDENTIFIER = com.xingbangshou.TLRefreshUITests;
				PRODUCT_NAME = "$(TARGET_NAME)";
				TEST_TARGET_NAME = TLRefresh;
			};
			name = Debug;
		};
		8957C6591E60639B00A30CDB /* Release */ = {
			isa = XCBuildConfiguration;
			buildSettings = {
				INFOPLIST_FILE = TLRefreshUITests/Info.plist;
				LD_RUNPATH_SEARCH_PATHS = "$(inherited) @executable_path/Frameworks @loader_path/Frameworks";
				PRODUCT_BUNDLE_IDENTIFIER = com.xingbangshou.TLRefreshUITests;
				PRODUCT_NAME = "$(TARGET_NAME)";
				TEST_TARGET_NAME = TLRefresh;
			};
			name = Release;
		};
/* End XCBuildConfiguration section */

/* Begin XCConfigurationList section */
		8957C61F1E60639B00A30CDB /* Build configuration list for PBXProject "TLRefresh" */ = {
			isa = XCConfigurationList;
			buildConfigurations = (
				8957C64F1E60639B00A30CDB /* Debug */,
				8957C6501E60639B00A30CDB /* Release */,
			);
			defaultConfigurationIsVisible = 0;
			defaultConfigurationName = Release;
		};
		8957C6511E60639B00A30CDB /* Build configuration list for PBXNativeTarget "TLRefresh" */ = {
			isa = XCConfigurationList;
			buildConfigurations = (
				8957C6521E60639B00A30CDB /* Debug */,
				8957C6531E60639B00A30CDB /* Release */,
			);
			defaultConfigurationIsVisible = 0;
			defaultConfigurationName = Release;
		};
		8957C6541E60639B00A30CDB /* Build configuration list for PBXNativeTarget "TLRefreshTests" */ = {
			isa = XCConfigurationList;
			buildConfigurations = (
				8957C6551E60639B00A30CDB /* Debug */,
				8957C6561E60639B00A30CDB /* Release */,
			);
			defaultConfigurationIsVisible = 0;
			defaultConfigurationName = Release;
		};
		8957C6571E60639B00A30CDB /* Build configuration list for PBXNativeTarget "TLRefreshUITests" */ = {
			isa = XCConfigurationList;
			buildConfigurations = (
				8957C6581E60639B00A30CDB /* Debug */,
				8957C6591E60639B00A30CDB /* Release */,
			);
			defaultConfigurationIsVisible = 0;
			defaultConfigurationName = Release;
		};
/* End XCConfigurationList section */
	};
	rootObject = 8957C61C1E60639B00A30CDB /* Project object */;
}
